github.com/droundy/goopt v0.0.0-20220217183150-48d6390ad4d1 h1:6PKU05V7zJIJlTBq7AnEIrLVEUIYF4NjTU2a28Ho6ko=
github.com/droundy/goopt v0.0.0-20220217183150-48d6390ad4d1/go.mod h1:ytRJ64WkuW4kf6/tuYqBATBCRFUP8X9+LDtgcvE+koI=
github.com/go-telegram-bot-api/telegram-bot-api v4.6.4+incompatible h1:2cauKuaELYAEARXRkq2LrJ0yDDv1rW7+wrTEdVL3uaU=
github.com/go-telegram-bot-api/telegram-bot-api v4.6.4+incompatible/go.mod h1:qf9acutJ8cwBUhm1bqgz6Bei9/C/c93FPDljKWwsOgM=
github.com/technoweenie/multipartstreamer v1.0.1 h1:XRztA5MXiR1TIRHxH2uNxXxaIkKQDeX7m2XsSOlQEnM=
github.com/technoweenie/multipartstreamer v1.0.1/go.mod h1:jNVxdtShOxzAsukZwTSw6MDx5eUJoiEBsSvzDU9uzog=
gopkg.in/go-telegram-bot-api/telegram-bot-api.v4 v4.6.4 h1:bnKENMyQG1VIpcYdvJCCNJL81K1YHC9GCtaY1hlF1nM=
gopkg.in/go-telegram-bot-api/telegram-bot-api.v4 v4.6.4/go.mod h1:/JWSe1VmlP0fEVbANtc4/zL/ixNWbc46p5b2N3K/A2w=
